<?xml version="1.0" encoding="utf-8"?>
<Project ToolsVersion="4.0" xmlns="http://schemas.microsoft.com/developer/msbuild/2003">
  <ItemGroup>
    <Filter Include="static">
      <UniqueIdentifier>{b4048c29-e491-4ee5-90b1-601ae7bf8801}</UniqueIdentifier>
    </Filter>
    <Filter Include="externals">
      <UniqueIdentifier>{70412c35-5ad9-40ec-966c-8a2f1c0eaea3}</UniqueIdentifier>
    </Filter>
    <Filter Include="ecs">
      <UniqueIdentifier>{d9e6dccb-ec66-4c92-a209-311dd0732889}</UniqueIdentifier>
    </Filter>
  </ItemGroup>
  <ItemGroup>
    <ClInclude Include="stdafx.hpp">
      <Filter>static</Filter>
    </ClInclude>
    <ClInclude Include="targetver.hpp">
      <Filter>static</Filter>
    </ClInclude>
    <ClInclude Include="component.hpp">
      <Filter>ecs</Filter>
    </ClInclude>
    <ClInclude Include="entity.hpp">
      <Filter>ecs</Filter>
    </ClInclude>
    <ClInclude Include="systems.hpp">
      <Filter>ecs</Filter>
    </ClInclude>
  </ItemGroup>
  <ItemGroup>
    <ClCompile Include="stdafx.cpp">
      <Filter>static</Filter>
    </ClCompile>
    <ClCompile Include="main.cpp" />
    <ClCompile Include="glad.c">
      <Filter>externals</Filter>
    </ClCompile>
    <ClCompile Include="systems.cpp">
      <Filter>ecs</Filter>
    </ClCompile>
  </ItemGroup>
</Project>